github.com/xaitx/logs v1.1.1 h1:0M0RuMg156BSEX2K6xb4ICniygC6qm6NzkBsQdFoWnw=
github.com/xaitx/logs v1.1.1/go.mod h1:5JdupfrC+Ie/GTffEeA7yaYNAclhhGH5eulwV1G4jM8=
golang.org/x/net v0.36.0 h1:vWF2fRbw4qslQsQzgFqZff+BItCvGFQqKzKIzx1rmoA=
golang.org/x/net v0.36.0/go.mod h1:bFmbeoIPfrw4sMHNhb4J9f6+tPziuGjq7Jk/38fxi1I=
